
Microsoft Visual Studio Solution File, Format Version 12.00
# Visual Studio Version 16
VisualStudioVersion = 16.0.29728.190
MinimumVisualStudioVersion = 10.0.40219.1
Project("{FAE04EC0-301F-11D3-BF4B-00C04F79EFBC}") = "SudokuSolver", "SudokuSolver\SudokuSolver.csproj", "{9938D4DC-6F2C-4835-A5C5-BB7D595413E1}"
EndProject
Global
	GlobalSection(SolutionConfigurationPlatforms) = preSolution
		Debug|Any CPU = Debug|Any CPU
		Release|Any CPU = Release|Any CPU
	EndGlobalSection
	GlobalSection(ProjectConfigurationPlatforms) = postSolution
		{9938D4DC-6F2C-4835-A5C5-BB7D595413E1}.Debug|Any CPU.ActiveCfg = Debug|Any CPU
		{9938D4DC-6F2C-4835-A5C5-BB7D595413E1}.Debug|Any CPU.Build.0 = Debug|Any CPU
		{9938D4DC-6F2C-4835-A5C5-BB7D595413E1}.Release|Any CPU.ActiveCfg = Release|Any CPU
		{9938D4DC-6F2C-4835-A5C5-BB7D595413E1}.Release|Any CPU.Build.0 = Release|Any CPU
	EndGlobalSection
	GlobalSection(SolutionProperties) = preSolution
		HideSolutionNode = FALSE
	EndGlobalSection
	GlobalSection(ExtensibilityGlobals) = postSolution
		SolutionGuid = {9CCC303E-F50E-434B-A59F-47BA16BE03DA}
	EndGlobalSection
EndGlobal
